// !$*UTF8*$!
{
	archiveVersion = 1;
	classes = {
	};
	objectVersion = 55;
	objects = {

/* Begin PBXBuildFile section */
		23F9F6F76A3EDBB14FED404D /* Pods_FlashChat.framework in Frameworks */ = {isa = PBXBuildFile; fileRef = 0827AA6723AB1E341AC1D9C0 /* Pods_FlashChat.framework */; };
		335D65CB2887964700C18F69 /* AppDelegate.swift in Sources */ = {isa = PBXBuildFile; fileRef = 335D65CA2887964700C18F69 /* AppDelegate.swift */; };
		335D65CD2887964700C18F69 /* SceneDelegate.swift in Sources */ = {isa = PBXBuildFile; fileRef = 335D65CC2887964700C18F69 /* SceneDelegate.swift */; };
		335D65CF2887964700C18F69 /* WelcomeViewController.swift in Sources */ = {isa = PBXBuildFile; fileRef = 335D65CE2887964700C18F69 /* WelcomeViewController.swift */; };
		335D65D22887964700C18F69 /* Main.storyboard in Resources */ = {isa = PBXBuildFile; fileRef = 335D65D02887964700C18F69 /* Main.storyboard */; };
		335D65D42887964A00C18F69 /* Assets.xcassets in Resources */ = {isa = PBXBuildFile; fileRef = 335D65D32887964A00C18F69 /* Assets.xcassets */; };
		335D65D72887964A00C18F69 /* LaunchScreen.storyboard in Resources */ = {isa = PBXBuildFile; fileRef = 335D65D52887964A00C18F69 /* LaunchScreen.storyboard */; };
		335D65E12887976100C18F69 /* LoginViewController.swift in Sources */ = {isa = PBXBuildFile; fileRef = 335D65E02887976100C18F69 /* LoginViewController.swift */; };
		335D65E32887976C00C18F69 /* RegisterViewController.swift in Sources */ = {isa = PBXBuildFile; fileRef = 335D65E22887976C00C18F69 /* RegisterViewController.swift */; };
		335D65E5288797C900C18F69 /* ChatViewController.swift in Sources */ = {isa = PBXBuildFile; fileRef = 335D65E4288797C900C18F69 /* ChatViewController.swift */; };
		3389FBA3288A363F003A9CE8 /* IQKeyboardManagerSwift in Frameworks */ = {isa = PBXBuildFile; productRef = 3389FBA2288A363F003A9CE8 /* IQKeyboardManagerSwift */; };
		33DD8411288984F1000AD78D /* Constants.swift in Sources */ = {isa = PBXBuildFile; fileRef = 33DD8410288984F1000AD78D /* Constants.swift */; };
		33DD841428898775000AD78D /* Message.swift in Sources */ = {isa = PBXBuildFile; fileRef = 33DD841328898775000AD78D /* Message.swift */; };
		33DD841728898C5A000AD78D /* MessageCell.swift in Sources */ = {isa = PBXBuildFile; fileRef = 33DD841528898C5A000AD78D /* MessageCell.swift */; };
		33DD841828898C5A000AD78D /* MessageCell.xib in Resources */ = {isa = PBXBuildFile; fileRef = 33DD841628898C5A000AD78D /* MessageCell.xib */; };
		33F84CAF288975BA00948518 /* GoogleService-Info.plist in Resources */ = {isa = PBXBuildFile; fileRef = 33F84CAE288975BA00948518 /* GoogleService-Info.plist */; };
/* End PBXBuildFile section */

/* Begin PBXFileReference section */
		0827AA6723AB1E341AC1D9C0 /* Pods_FlashChat.framework */ = {isa = PBXFileReference; explicitFileType = wrapper.framework; includeInIndex = 0; path = Pods_FlashChat.framework; sourceTree = BUILT_PRODUCTS_DIR; };
		335D65C72887964700C18F69 /* FlashChat.app */ = {isa = PBXFileReference; explicitFileType = wrapper.application; includeInIndex = 0; path = FlashChat.app; sourceTree = BUILT_PRODUCTS_DIR; };
		335D65CA2887964700C18F69 /* AppDelegate.swift */ = {isa = PBXFileReference; lastKnownFileType = sourcecode.swift; path = AppDelegate.swift; sourceTree = "<group>"; };
		335D65CC2887964700C18F69 /* SceneDelegate.swift */ = {isa = PBXFileReference; lastKnownFileType = sourcecode.swift; path = SceneDelegate.swift; sourceTree = "<group>"; };
		335D65CE2887964700C18F69 /* WelcomeViewController.swift */ = {isa = PBXFileReference; lastKnownFileType = sourcecode.swift; path = WelcomeViewController.swift; sourceTree = "<group>"; };
		335D65D12887964700C18F69 /* Base */ = {isa = PBXFileReference; lastKnownFileType = file.storyboard; name = Base; path = Base.lproj/Main.storyboard; sourceTree = "<group>"; };
		335D65D32887964A00C18F69 /* Assets.xcassets */ = {isa = PBXFileReference; lastKnownFileType = folder.assetcatalog; path = Assets.xcassets; sourceTree = "<group>"; };
		335D65D62887964A00C18F69 /* Base */ = {isa = PBXFileReference; lastKnownFileType = file.storyboard; name = Base; path = Base.lproj/LaunchScreen.storyboard; sourceTree = "<group>"; };
		335D65D82887964A00C18F69 /* Info.plist */ = {isa = PBXFileReference; lastKnownFileType = text.plist.xml; path = Info.plist; sourceTree = "<group>"; };
		335D65E02887976100C18F69 /* LoginViewController.swift */ = {isa = PBXFileReference; lastKnownFileType = sourcecode.swift; path = LoginViewController.swift; sourceTree = "<group>"; };
		335D65E22887976C00C18F69 /* RegisterViewController.swift */ = {isa = PBXFileReference; lastKnownFileType = sourcecode.swift; path = RegisterViewController.swift; sourceTree = "<group>"; };
		335D65E4288797C900C18F69 /* ChatViewController.swift */ = {isa = PBXFileReference; lastKnownFileType = sourcecode.swift; path = ChatViewController.swift; sourceTree = "<group>"; };
		33DD8410288984F1000AD78D /* Constants.swift */ = {isa = PBXFileReference; lastKnownFileType = sourcecode.swift; path = Constants.swift; sourceTree = "<group>"; };
		33DD841328898775000AD78D /* Message.swift */ = {isa = PBXFileReference; lastKnownFileType = sourcecode.swift; path = Message.swift; sourceTree = "<group>"; };
		33DD841528898C5A000AD78D /* MessageCell.swift */ = {isa = PBXFileReference; lastKnownFileType = sourcecode.swift; path = MessageCell.swift; sourceTree = "<group>"; };
		33DD841628898C5A000AD78D /* MessageCell.xib */ = {isa = PBXFileReference; lastKnownFileType = file.xib; path = MessageCell.xib; sourceTree = "<group>"; };
		33F84CAE288975BA00948518 /* GoogleService-Info.plist */ = {isa = PBXFileReference; fileEncoding = 4; lastKnownFileType = text.plist.xml; path = "GoogleService-Info.plist"; sourceTree = "<group>"; };
		B4715CAFB572DABF9F3A698B /* Pods-FlashChat.debug.xcconfig */ = {isa = PBXFileReference; includeInIndex = 1; lastKnownFileType = text.xcconfig; name = "Pods-FlashChat.debug.xcconfig"; path = "Target Support Files/Pods-FlashChat/Pods-FlashChat.debug.xcconfig"; sourceTree = "<group>"; };
		E8F4A8F803A4B4010270E834 /* Pods-FlashChat.release.xcconfig */ = {isa = PBXFileReference; includeInIndex = 1; lastKnownFileType = text.xcconfig; name = "Pods-FlashChat.release.xcconfig"; path = "Target Support Files/Pods-FlashChat/Pods-FlashChat.release.xcconfig"; sourceTree = "<group>"; };
/* End PBXFileReference section */

/* Begin PBXFrameworksBuildPhase section */
		335D65C42887964700C18F69 /* Frameworks */ = {
			isa = PBXFrameworksBuildPhase;
			buildActionMask = 2147483647;
			files = (
				23F9F6F76A3EDBB14FED404D /* Pods_FlashChat.framework in Frameworks */,
				3389FBA3288A363F003A9CE8 /* IQKeyboardManagerSwift in Frameworks */,
			);
			runOnlyForDeploymentPostprocessing = 0;
		};
/* End PBXFrameworksBuildPhase section */

/* Begin PBXGroup section */
		03B6745AE3D5B0A159D3D5AB /* Frameworks */ = {
			isa = PBXGroup;
			children = (
				0827AA6723AB1E341AC1D9C0 /* Pods_FlashChat.framework */,
			);
			name = Frameworks;
			sourceTree = "<group>";
		};
		335D65BE2887964700C18F69 = {
			isa = PBXGroup;
			children = (
				335D65C92887964700C18F69 /* FlashChat */,
				335D65C82887964700C18F69 /* Products */,
				3FBF90813C8FDE2B2D718741 /* Pods */,
				03B6745AE3D5B0A159D3D5AB /* Frameworks */,
			);
			sourceTree = "<group>";
		};
		335D65C82887964700C18F69 /* Products */ = {
			isa = PBXGroup;
			children = (
				335D65C72887964700C18F69 /* FlashChat.app */,
			);
			name = Products;
			sourceTree = "<group>";
		};
		335D65C92887964700C18F69 /* FlashChat */ = {
			isa = PBXGroup;
			children = (
				335D65CA2887964700C18F69 /* AppDelegate.swift */,
				335D65CC2887964700C18F69 /* SceneDelegate.swift */,
				33DD84122889875F000AD78D /* Models */,
				335D65DE288796C800C18F69 /* Views */,
				335D65DF288796D100C18F69 /* Controllers */,
				335D65D32887964A00C18F69 /* Assets.xcassets */,
				335D65D52887964A00C18F69 /* LaunchScreen.storyboard */,
				335D65D82887964A00C18F69 /* Info.plist */,
				33F84CAE288975BA00948518 /* GoogleService-Info.plist */,
				33DD8410288984F1000AD78D /* Constants.swift */,
			);
			path = FlashChat;
			sourceTree = "<group>";
		};
		335D65DE288796C800C18F69 /* Views */ = {
			isa = PBXGroup;
			children = (
				335D65D02887964700C18F69 /* Main.storyboard */,
				33DD841528898C5A000AD78D /* MessageCell.swift */,
				33DD841628898C5A000AD78D /* MessageCell.xib */,
			);
			path = Views;
			sourceTree = "<group>";
		};
		335D65DF288796D100C18F69 /* Controllers */ = {
			isa = PBXGroup;
			children = (
				335D65CE2887964700C18F69 /* WelcomeViewController.swift */,
				335D65E02887976100C18F69 /* LoginViewController.swift */,
				335D65E22887976C00C18F69 /* RegisterViewController.swift */,
				335D65E4288797C900C18F69 /* ChatViewController.swift */,
			);
			path = Controllers;
			sourceTree = "<group>";
		};
		33DD84122889875F000AD78D /* Models */ = {
			isa = PBXGroup;
			children = (
				33DD841328898775000AD78D /* Message.swift */,
			);
			path = Models;
			sourceTree = "<group>";
		};
		3FBF90813C8FDE2B2D718741 /* Pods */ = {
			isa = PBXGroup;
			children = (
				B4715CAFB572DABF9F3A698B /* Pods-FlashChat.debug.xcconfig */,
				E8F4A8F803A4B4010270E834 /* Pods-FlashChat.release.xcconfig */,
			);
			path = Pods;
			sourceTree = "<group>";
		};
/* End PBXGroup section */

/* Begin PBXNativeTarget section */
		335D65C62887964700C18F69 /* FlashChat */ = {
			isa = PBXNativeTarget;
			buildConfigurationList = 335D65DB2887964A00C18F69 /* Build configuration list for PBXNativeTarget "FlashChat" */;
			buildPhases = (
				57D1E128A33EDB51C4A7C141 /* [CP] Check Pods Manifest.lock */,
				335D65C32887964700C18F69 /* Sources */,
				335D65C42887964700C18F69 /* Frameworks */,
				335D65C52887964700C18F69 /* Resources */,
				7AD039716967F98A76590768 /* [CP] Embed Pods Frameworks */,
			);
			buildRules = (
			);
			dependencies = (
			);
			name = FlashChat;
			packageProductDependencies = (
				3389FBA2288A363F003A9CE8 /* IQKeyboardManagerSwift */,
			);
			productName = FlashChat;
			productReference = 335D65C72887964700C18F69 /* FlashChat.app */;
			productType = "com.apple.product-type.application";
		};
/* End PBXNativeTarget section */

/* Begin PBXProject section */
		335D65BF2887964700C18F69 /* Project object */ = {
			isa = PBXProject;
			attributes = {
				BuildIndependentTargetsInParallel = 1;
				LastSwiftUpdateCheck = 1340;
				LastUpgradeCheck = 1340;
				TargetAttributes = {
					335D65C62887964700C18F69 = {
						CreatedOnToolsVersion = 13.4;
					};
				};
			};
			buildConfigurationList = 335D65C22887964700C18F69 /* Build configuration list for PBXProject "FlashChat" */;
			compatibilityVersion = "Xcode 13.0";
			developmentRegion = en;
			hasScannedForEncodings = 0;
			knownRegions = (
				en,
				Base,
			);
			mainGroup = 335D65BE2887964700C18F69;
			packageReferences = (
				3389FBA1288A363F003A9CE8 /* XCRemoteSwiftPackageReference "IQKeyboardManager" */,
			);
			productRefGroup = 335D65C82887964700C18F69 /* Products */;
			projectDirPath = "";
			projectRoot = "";
			targets = (
				335D65C62887964700C18F69 /* FlashChat */,
			);
		};
/* End PBXProject section */

/* Begin PBXResourcesBuildPhase section */
		335D65C52887964700C18F69 /* Resources */ = {
			isa = PBXResourcesBuildPhase;
			buildActionMask = 2147483647;
			files = (
				33DD841828898C5A000AD78D /* MessageCell.xib in Resources */,
				335D65D72887964A00C18F69 /* LaunchScreen.storyboard in Resources */,
				33F84CAF288975BA00948518 /* GoogleService-Info.plist in Resources */,
				335D65D42887964A00C18F69 /* Assets.xcassets in Resources */,
				335D65D22887964700C18F69 /* Main.storyboard in Resources */,
			);
			runOnlyForDeploymentPostprocessing = 0;
		};
/* End PBXResourcesBuildPhase section */

/* Begin PBXShellScriptBuildPhase section */
		57D1E128A33EDB51C4A7C141 /* [CP] Check Pods Manifest.lock */ = {
			isa = PBXShellScriptBuildPhase;
			buildActionMask = 2147483647;
			files = (
			);
			inputFileListPaths = (
			);
			inputPaths = (
				"${PODS_PODFILE_DIR_PATH}/Podfile.lock",
				"${PODS_ROOT}/Manifest.lock",
			);
			name = "[CP] Check Pods Manifest.lock";
			outputFileListPaths = (
			);
			outputPaths = (
				"$(DERIVED_FILE_DIR)/Pods-FlashChat-checkManifestLockResult.txt",
			);
			runOnlyForDeploymentPostprocessing = 0;
			shellPath = /bin/sh;
			shellScript = "diff \"${PODS_PODFILE_DIR_PATH}/Podfile.lock\" \"${PODS_ROOT}/Manifest.lock\" > /dev/null\nif [ $? != 0 ] ; then\n    # print error to STDERR\n    echo \"error: The sandbox is not in sync with the Podfile.lock. Run 'pod install' or update your CocoaPods installation.\" >&2\n    exit 1\nfi\n# This output is used by Xcode 'outputs' to avoid re-running this script phase.\necho \"SUCCESS\" > \"${SCRIPT_OUTPUT_FILE_0}\"\n";
			showEnvVarsInLog = 0;
		};
		7AD039716967F98A76590768 /* [CP] Embed Pods Frameworks */ = {
			isa = PBXShellScriptBuildPhase;
			buildActionMask = 2147483647;
			files = (
			);
			inputFileListPaths = (
				"${PODS_ROOT}/Target Support Files/Pods-FlashChat/Pods-FlashChat-frameworks-${CONFIGURATION}-input-files.xcfilelist",
			);
			name = "[CP] Embed Pods Frameworks";
			outputFileListPaths = (
				"${PODS_ROOT}/Target Support Files/Pods-FlashChat/Pods-FlashChat-frameworks-${CONFIGURATION}-output-files.xcfilelist",
			);
			runOnlyForDeploymentPostprocessing = 0;
			shellPath = /bin/sh;
			shellScript = "\"${PODS_ROOT}/Target Support Files/Pods-FlashChat/Pods-FlashChat-frameworks.sh\"\n";
			showEnvVarsInLog = 0;
		};
/* End PBXShellScriptBuildPhase section */

/* Begin PBXSourcesBuildPhase section */
		335D65C32887964700C18F69 /* Sources */ = {
			isa = PBXSourcesBuildPhase;
			buildActionMask = 2147483647;
			files = (
				335D65E12887976100C18F69 /* LoginViewController.swift in Sources */,
				335D65E32887976C00C18F69 /* RegisterViewController.swift in Sources */,
				335D65CF2887964700C18F69 /* WelcomeViewController.swift in Sources */,
				335D65CB2887964700C18F69 /* AppDelegate.swift in Sources */,
				33DD8411288984F1000AD78D /* Constants.swift in Sources */,
				33DD841428898775000AD78D /* Message.swift in Sources */,
				335D65E5288797C900C18F69 /* ChatViewController.swift in Sources */,
				335D65CD2887964700C18F69 /* SceneDelegate.swift in Sources */,
				33DD841728898C5A000AD78D /* MessageCell.swift in Sources */,
			);
			runOnlyForDeploymentPostprocessing = 0;
		};
/* End PBXSourcesBuildPhase section */

/* Begin PBXVariantGroup section */
		335D65D02887964700C18F69 /* Main.storyboard */ = {
			isa = PBXVariantGroup;
			children = (
				335D65D12887964700C18F69 /* Base */,
			);
			name = Main.storyboard;
			sourceTree = "<group>";
		};
		335D65D52887964A00C18F69 /* LaunchScreen.storyboard */ = {
			isa = PBXVariantGroup;
			children = (
				335D65D62887964A00C18F69 /* Base */,
			);
			name = LaunchScreen.storyboard;
			sourceTree = "<group>";
		};
/* End PBXVariantGroup section */

/* Begin XCBuildConfiguration section */
		335D65D92887964A00C18F69 /* Debug */ = {
			isa = XCBuildConfiguration;
			buildSettings = {
				ALWAYS_SEARCH_USER_PATHS = NO;
				CLANG_ANALYZER_NONNULL = YES;
				CLANG_ANALYZER_NUMBER_OBJECT_CONVERSION = YES_AGGRESSIVE;
				CLANG_CXX_LANGUAGE_STANDARD = "gnu++17";
				CLANG_ENABLE_MODULES = YES;
				CLANG_ENABLE_OBJC_ARC = YES;
				CLANG_ENABLE_OBJC_WEAK = YES;
				CLANG_WARN_BLOCK_CAPTURE_AUTORELEASING = YES;
				CLANG_WARN_BOOL_CONVERSION = YES;
				CLANG_WARN_COMMA = YES;
				CLANG_WARN_CONSTANT_CONVERSION = YES;
				CLANG_WARN_DEPRECATED_OBJC_IMPLEMENTATIONS = YES;
				CLANG_WARN_DIRECT_OBJC_ISA_USAGE = YES_ERROR;
				CLANG_WARN_DOCUMENTATION_COMMENTS = YES;
				CLANG_WARN_EMPTY_BODY = YES;
				CLANG_WARN_ENUM_CONVERSION = YES;
				CLANG_WARN_INFINITE_RECURSION = YES;
				CLANG_WARN_INT_CONVERSION = YES;
				CLANG_WARN_NON_LITERAL_NULL_CONVERSION = YES;
				CLANG_WARN_OBJC_IMPLICIT_RETAIN_SELF = YES;
				CLANG_WARN_OBJC_LITERAL_CONVERSION = YES;
				CLANG_WARN_OBJC_ROOT_CLASS = YES_ERROR;
				CLANG_WARN_QUOTED_INCLUDE_IN_FRAMEWORK_HEADER = YES;
				CLANG_WARN_RANGE_LOOP_ANALYSIS = YES;
				CLANG_WARN_STRICT_PROTOTYPES = YES;
				CLANG_WARN_SUSPICIOUS_MOVE = YES;
				CLANG_WARN_UNGUARDED_AVAILABILITY = YES_AGGRESSIVE;
				CLANG_WARN_UNREACHABLE_CODE = YES;
				CLANG_WARN__DUPLICATE_METHOD_MATCH = YES;
				COPY_PHASE_STRIP = NO;
				DEBUG_INFORMATION_FORMAT = dwarf;
				ENABLE_STRICT_OBJC_MSGSEND = YES;
				ENABLE_TESTABILITY = YES;
				GCC_C_LANGUAGE_STANDARD = gnu11;
				GCC_DYNAMIC_NO_PIC = NO;
				GCC_NO_COMMON_BLOCKS = YES;
				GCC_OPTIMIZATION_LEVEL = 0;
				GCC_PREPROCESSOR_DEFINITIONS = (
					"DEBUG=1",
					"$(inherited)",
				);
				GCC_WARN_64_TO_32_BIT_CONVERSION = YES;
				GCC_WARN_ABOUT_RETURN_TYPE = YES_ERROR;
				GCC_WARN_UNDECLARED_SELECTOR = YES;
				GCC_WARN_UNINITIALIZED_AUTOS = YES_AGGRESSIVE;
				GCC_WARN_UNUSED_FUNCTION = YES;
				GCC_WARN_UNUSED_VARIABLE = YES;
				IPHONEOS_DEPLOYMENT_TARGET = 15.5;
				MTL_ENABLE_DEBUG_INFO = INCLUDE_SOURCE;
				MTL_FAST_MATH = YES;
				ONLY_ACTIVE_ARCH = YES;
				SDKROOT = iphoneos;
				SWIFT_ACTIVE_COMPILATION_CONDITIONS = DEBUG;
				SWIFT_OPTIMIZATION_LEVEL = "-Onone";
			};
			name = Debug;
		};
		335D65DA2887964A00C18F69 /* Release */ = {
			isa = XCBuildConfiguration;
			buildSettings = {
				ALWAYS_SEARCH_USER_PATHS = NO;
				CLANG_ANALYZER_NONNULL = YES;
				CLANG_ANALYZER_NUMBER_OBJECT_CONVERSION = YES_AGGRESSIVE;
				CLANG_CXX_LANGUAGE_STANDARD = "gnu++17";
				CLANG_ENABLE_MODULES = YES;
				CLANG_ENABLE_OBJC_ARC = YES;
				CLANG_ENABLE_OBJC_WEAK = YES;
				CLANG_WARN_BLOCK_CAPTURE_AUTORELEASING = YES;
				CLANG_WARN_BOOL_CONVERSION = YES;
				CLANG_WARN_COMMA = YES;
				CLANG_WARN_CONSTANT_CONVERSION = YES;
				CLANG_WARN_DEPRECATED_OBJC_IMPLEMENTATIONS = YES;
				CLANG_WARN_DIRECT_OBJC_ISA_USAGE = YES_ERROR;
				CLANG_WARN_DOCUMENTATION_COMMENTS = YES;
				CLANG_WARN_EMPTY_BODY = YES;
				CLANG_WARN_ENUM_CONVERSION = YES;
				CLANG_WARN_INFINITE_RECURSION = YES;
				CLANG_WARN_INT_CONVERSION = YES;
				CLANG_WARN_NON_LITERAL_NULL_CONVERSION = YES;
				CLANG_WARN_OBJC_IMPLICIT_RETAIN_SELF = YES;
				CLANG_WARN_OBJC_LITERAL_CONVERSION = YES;
				CLANG_WARN_OBJC_ROOT_CLASS = YES_ERROR;
				CLANG_WARN_QUOTED_INCLUDE_IN_FRAMEWORK_HEADER = YES;
				CLANG_WARN_RANGE_LOOP_ANALYSIS = YES;
				CLANG_WARN_STRICT_PROTOTYPES = YES;
				CLANG_WARN_SUSPICIOUS_MOVE = YES;
				CLANG_WARN_UNGUARDED_AVAILABILITY = YES_AGGRESSIVE;
				CLANG_WARN_UNREACHABLE_CODE = YES;
				CLANG_WARN__DUPLICATE_METHOD_MATCH = YES;
				COPY_PHASE_STRIP = NO;
				DEBUG_INFORMATION_FORMAT = "dwarf-with-dsym";
				ENABLE_NS_ASSERTIONS = NO;
				ENABLE_STRICT_OBJC_MSGSEND = YES;
				GCC_C_LANGUAGE_STANDARD = gnu11;
				GCC_NO_COMMON_BLOCKS = YES;
				GCC_WARN_64_TO_32_BIT_CONVERSION = YES;
				GCC_WARN_ABOUT_RETURN_TYPE = YES_ERROR;
				GCC_WARN_UNDECLARED_SELECTOR = YES;
				GCC_WARN_UNINITIALIZED_AUTOS = YES_AGGRESSIVE;
				GCC_WARN_UNUSED_FUNCTION = YES;
				GCC_WARN_UNUSED_VARIABLE = YES;
				IPHONEOS_DEPLOYMENT_TARGET = 15.5;
				MTL_ENABLE_DEBUG_INFO = NO;
				MTL_FAST_MATH = YES;
				SDKROOT = iphoneos;
				SWIFT_COMPILATION_MODE = wholemodule;
				SWIFT_OPTIMIZATION_LEVEL = "-O";
				VALIDATE_PRODUCT = YES;
			};
			name = Release;
		};
		335D65DC2887964A00C18F69 /* Debug */ = {
			isa = XCBuildConfiguration;
			baseConfigurationReference = B4715CAFB572DABF9F3A698B /* Pods-FlashChat.debug.xcconfig */;
			buildSettings = {
				ASSETCATALOG_COMPILER_APPICON_NAME = AppIcon;
				ASSETCATALOG_COMPILER_GLOBAL_ACCENT_COLOR_NAME = AccentColor;
				CODE_SIGN_STYLE = Automatic;
				CURRENT_PROJECT_VERSION = 1;
				DEVELOPMENT_TEAM = V93ZR5Y4Q3;
				GENERATE_INFOPLIST_FILE = YES;
				INFOPLIST_FILE = FlashChat/Info.plist;
				INFOPLIST_KEY_UIApplicationSupportsIndirectInputEvents = YES;
				INFOPLIST_KEY_UILaunchStoryboardName = LaunchScreen;
				INFOPLIST_KEY_UIMainStoryboardFile = Main;
				INFOPLIST_KEY_UISupportedInterfaceOrientations_iPad = "UIInterfaceOrientationPortrait UIInterfaceOrientationPortraitUpsideDown UIInterfaceOrientationLandscapeLeft UIInterfaceOrientationLandscapeRight";
				INFOPLIST_KEY_UISupportedInterfaceOrientations_iPhone = "UIInterfaceOrientationPortrait UIInterfaceOrientationLandscapeLeft UIInterfaceOrientationLandscapeRight";
				LD_RUNPATH_SEARCH_PATHS = (
					"$(inherited)",
					"@executable_path/Frameworks",
				);
				MARKETING_VERSION = 1.0;
				PRODUCT_BUNDLE_IDENTIFIER = tech.cscoder.FlashChat;
				PRODUCT_NAME = "$(TARGET_NAME)";
				SWIFT_EMIT_LOC_STRINGS = YES;
				SWIFT_VERSION = 5.0;
				TARGETED_DEVICE_FAMILY = "1,2";
			};
			name = Debug;
		};
		335D65DD2887964A00C18F69 /* Release */ = {
			isa = XCBuildConfiguration;
			baseConfigurationReference = E8F4A8F803A4B4010270E834 /* Pods-FlashChat.release.xcconfig */;
			buildSettings = {
				ASSETCATALOG_COMPILER_APPICON_NAME = AppIcon;
				ASSETCATALOG_COMPILER_GLOBAL_ACCENT_COLOR_NAME = AccentColor;
				CODE_SIGN_STYLE = Automatic;
				CURRENT_PROJECT_VERSION = 1;
				DEVELOPMENT_TEAM = V93ZR5Y4Q3;
				GENERATE_INFOPLIST_FILE = YES;
				INFOPLIST_FILE = FlashChat/Info.plist;
				INFOPLIST_KEY_UIApplicationSupportsIndirectInputEvents = YES;
				INFOPLIST_KEY_UILaunchStoryboardName = LaunchScreen;
				INFOPLIST_KEY_UIMainStoryboardFile = Main;
				INFOPLIST_KEY_UISupportedInterfaceOrientations_iPad = "UIInterfaceOrientationPortrait UIInterfaceOrientationPortraitUpsideDown UIInterfaceOrientationLandscapeLeft UIInterfaceOrientationLandscapeRight";
				INFOPLIST_KEY_UISupportedInterfaceOrientations_iPhone = "UIInterfaceOrientationPortrait UIInterfaceOrientationLandscapeLeft UIInterfaceOrientationLandscapeRight";
				LD_RUNPATH_SEARCH_PATHS = (
					"$(inherited)",
					"@executable_path/Frameworks",
				);
				MARKETING_VERSION = 1.0;
				PRODUCT_BUNDLE_IDENTIFIER = tech.cscoder.FlashChat;
				PRODUCT_NAME = "$(TARGET_NAME)";
				SWIFT_EMIT_LOC_STRINGS = YES;
				SWIFT_VERSION = 5.0;
				TARGETED_DEVICE_FAMILY = "1,2";
			};
			name = Release;
		};
/* End XCBuildConfiguration section */

/* Begin XCConfigurationList section */
		335D65C22887964700C18F69 /* Build configuration list for PBXProject "FlashChat" */ = {
			isa = XCConfigurationList;
			buildConfigurations = (
				335D65D92887964A00C18F69 /* Debug */,
				335D65DA2887964A00C18F69 /* Release */,
			);
			defaultConfigurationIsVisible = 0;
			defaultConfigurationName = Release;
		};
		335D65DB2887964A00C18F69 /* Build configuration list for PBXNativeTarget "FlashChat" */ = {
			isa = XCConfigurationList;
			buildConfigurations = (
				335D65DC2887964A00C18F69 /* Debug */,
				335D65DD2887964A00C18F69 /* Release */,
			);
			defaultConfigurationIsVisible = 0;
			defaultConfigurationName = Release;
		};
/* End XCConfigurationList section */

/* Begin XCRemoteSwiftPackageReference section */
		3389FBA1288A363F003A9CE8 /* XCRemoteSwiftPackageReference "IQKeyboardManager" */ = {
			isa = XCRemoteSwiftPackageReference;
			repositoryURL = "https://github.com/hackiftekhar/IQKeyboardManager";
			requirement = {
				branch = master;
				kind = branch;
			};
		};
/* End XCRemoteSwiftPackageReference section */

/* Begin XCSwiftPackageProductDependency section */
		3389FBA2288A363F003A9CE8 /* IQKeyboardManagerSwift */ = {
			isa = XCSwiftPackageProductDependency;
			package = 3389FBA1288A363F003A9CE8 /* XCRemoteSwiftPackageReference "IQKeyboardManager" */;
			productName = IQKeyboardManagerSwift;
		};
/* End XCSwiftPackageProductDependency section */
	};
	rootObject = 335D65BF2887964700C18F69 /* Project object */;
}
